// !$*UTF8*$!
{
	archiveVersion = 1;
	classes = {
	};
	objectVersion = 46;
	objects = {

/* Begin PBXBuildFile section */
		1A86838DA78B6473015DFA53 /* Pods_MHelloListDataUITests.framework in Frameworks */ = {isa = PBXBuildFile; fileRef = 322CEFBFE8C5F5A3F04B8EAE /* Pods_MHelloListDataUITests.framework */; };
		54FC025AD189B130A2E46810 /* Pods_MHelloListData.framework in Frameworks */ = {isa = PBXBuildFile; fileRef = B53AE54DED0F759E8673296C /* Pods_MHelloListData.framework */; };
		9961F2851F46E6AD003D8EFC /* LocalNetworkViewController.m in Sources */ = {isa = PBXBuildFile; fileRef = 9961F2841F46E6AD003D8EFC /* LocalNetworkViewController.m */; };
		9961F2931F46E6B2003D8EFC /* LNReturnData.m in Sources */ = {isa = PBXBuildFile; fileRef = 9961F2891F46E6B2003D8EFC /* LNReturnData.m */; };
		9961F29B1F46E6ED003D8EFC /* Repo.m in Sources */ = {isa = PBXBuildFile; fileRef = 9961F2991F46E6ED003D8EFC /* Repo.m */; };
		9961F2A41F497740003D8EFC /* LNRequestManager.m in Sources */ = {isa = PBXBuildFile; fileRef = 9961F2A31F497740003D8EFC /* LNRequestManager.m */; };
		9961F2A71F497760003D8EFC /* LNRequest.m in Sources */ = {isa = PBXBuildFile; fileRef = 9961F2A61F497760003D8EFC /* LNRequest.m */; };
		9961F2D41F4AB8E5003D8EFC /* OCStarListModel.m in Sources */ = {isa = PBXBuildFile; fileRef = 9961F2D11F4AB8E5003D8EFC /* OCStarListModel.m */; };
		9961F2D91F4AB927003D8EFC /* LNListModel.m in Sources */ = {isa = PBXBuildFile; fileRef = 9961F2D81F4AB927003D8EFC /* LNListModel.m */; };
		9961F2DC1F4AB93A003D8EFC /* LNDetailModel.m in Sources */ = {isa = PBXBuildFile; fileRef = 9961F2DB1F4AB93A003D8EFC /* LNDetailModel.m */; };
		9961F2DF1F4AC460003D8EFC /* JSONRequestManager.m in Sources */ = {isa = PBXBuildFile; fileRef = 9961F2DE1F4AC460003D8EFC /* JSONRequestManager.m */; };
		9961F2E21F4AC472003D8EFC /* HTMLRequestManager.m in Sources */ = {isa = PBXBuildFile; fileRef = 9961F2E11F4AC472003D8EFC /* HTMLRequestManager.m */; };
		99B066ED1F2EE3200023C47E /* main.m in Sources */ = {isa = PBXBuildFile; fileRef = 99B066EC1F2EE3200023C47E /* main.m */; };
		99B066F01F2EE3200023C47E /* AppDelegate.m in Sources */ = {isa = PBXBuildFile; fileRef = 99B066EF1F2EE3200023C47E /* AppDelegate.m */; };
		99B066F31F2EE3200023C47E /* ViewController.m in Sources */ = {isa = PBXBuildFile; fileRef = 99B066F21F2EE3200023C47E /* ViewController.m */; };
		99B066F61F2EE3200023C47E /* Main.storyboard in Resources */ = {isa = PBXBuildFile; fileRef = 99B066F41F2EE3200023C47E /* Main.storyboard */; };
		99B066F81F2EE3200023C47E /* Assets.xcassets in Resources */ = {isa = PBXBuildFile; fileRef = 99B066F71F2EE3200023C47E /* Assets.xcassets */; };
		99B066FB1F2EE3200023C47E /* LaunchScreen.storyboard in Resources */ = {isa = PBXBuildFile; fileRef = 99B066F91F2EE3200023C47E /* LaunchScreen.storyboard */; };
		99B067061F2EE3200023C47E /* MHelloListDataTests.m in Sources */ = {isa = PBXBuildFile; fileRef = 99B067051F2EE3200023C47E /* MHelloListDataTests.m */; };
		99B067111F2EE3200023C47E /* MHelloListDataUITests.m in Sources */ = {isa = PBXBuildFile; fileRef = 99B067101F2EE3200023C47E /* MHelloListDataUITests.m */; };
		99B067541F2F55DC0023C47E /* NetworkViewController.m in Sources */ = {isa = PBXBuildFile; fileRef = 99B0674B1F2F55DC0023C47E /* NetworkViewController.m */; };
		99B067551F2F55DC0023C47E /* NMockRequest.m in Sources */ = {isa = PBXBuildFile; fileRef = 99B0674D1F2F55DC0023C47E /* NMockRequest.m */; };
		99B067561F2F55DC0023C47E /* NModel.m in Sources */ = {isa = PBXBuildFile; fileRef = 99B0674F1F2F55DC0023C47E /* NModel.m */; };
		99B067571F2F55DC0023C47E /* NResponse.m in Sources */ = {isa = PBXBuildFile; fileRef = 99B067511F2F55DC0023C47E /* NResponse.m */; };
		99B067581F2F55DC0023C47E /* NSomeModel.m in Sources */ = {isa = PBXBuildFile; fileRef = 99B067531F2F55DC0023C47E /* NSomeModel.m */; };
		F84EAB0A9CA6178339C480DF /* Pods_MHelloListDataTests.framework in Frameworks */ = {isa = PBXBuildFile; fileRef = 57373F66AF69303B290E70C0 /* Pods_MHelloListDataTests.framework */; };
/* End PBXBuildFile section */

/* Begin PBXContainerItemProxy section */
		99B067021F2EE3200023C47E /* PBXContainerItemProxy */ = {
			isa = PBXContainerItemProxy;
			containerPortal = 99B066E01F2EE3200023C47E /* Project object */;
			proxyType = 1;
			remoteGlobalIDString = 99B066E71F2EE3200023C47E;
			remoteInfo = MHelloListData;
		};
		99B0670D1F2EE3200023C47E /* PBXContainerItemProxy */ = {
			isa = PBXContainerItemProxy;
			containerPortal = 99B066E01F2EE3200023C47E /* Project object */;
			proxyType = 1;
			remoteGlobalIDString = 99B066E71F2EE3200023C47E;
			remoteInfo = MHelloListData;
		};
/* End PBXContainerItemProxy section */

/* Begin PBXFileReference section */
		0694C8DF864584D9EA60A1F7 /* Pods-MHelloListDataUITests.debug.xcconfig */ = {isa = PBXFileReference; includeInIndex = 1; lastKnownFileType = text.xcconfig; name = "Pods-MHelloListDataUITests.debug.xcconfig"; path = "Pods/Target Support Files/Pods-MHelloListDataUITests/Pods-MHelloListDataUITests.debug.xcconfig"; sourceTree = "<group>"; };
		2822611CDAA7956C7EC58E06 /* Pods-MHelloListData.release.xcconfig */ = {isa = PBXFileReference; includeInIndex = 1; lastKnownFileType = text.xcconfig; name = "Pods-MHelloListData.release.xcconfig"; path = "Pods/Target Support Files/Pods-MHelloListData/Pods-MHelloListData.release.xcconfig"; sourceTree = "<group>"; };
		29667CD68EC169A854D98263 /* Pods-MHelloListDataUITests.release.xcconfig */ = {isa = PBXFileReference; includeInIndex = 1; lastKnownFileType = text.xcconfig; name = "Pods-MHelloListDataUITests.release.xcconfig"; path = "Pods/Target Support Files/Pods-MHelloListDataUITests/Pods-MHelloListDataUITests.release.xcconfig"; sourceTree = "<group>"; };
		322CEFBFE8C5F5A3F04B8EAE /* Pods_MHelloListDataUITests.framework */ = {isa = PBXFileReference; explicitFileType = wrapper.framework; includeInIndex = 0; path = Pods_MHelloListDataUITests.framework; sourceTree = BUILT_PRODUCTS_DIR; };
		33F2F29AEBF9088A697909BB /* Pods-MHelloListData.debug.xcconfig */ = {isa = PBXFileReference; includeInIndex = 1; lastKnownFileType = text.xcconfig; name = "Pods-MHelloListData.debug.xcconfig"; path = "Pods/Target Support Files/Pods-MHelloListData/Pods-MHelloListData.debug.xcconfig"; sourceTree = "<group>"; };
		57373F66AF69303B290E70C0 /* Pods_MHelloListDataTests.framework */ = {isa = PBXFileReference; explicitFileType = wrapper.framework; includeInIndex = 0; path = Pods_MHelloListDataTests.framework; sourceTree = BUILT_PRODUCTS_DIR; };
		87BBF8C1F70DA1EAA0995C11 /* Pods-MHelloListDataTests.release.xcconfig */ = {isa = PBXFileReference; includeInIndex = 1; lastKnownFileType = text.xcconfig; name = "Pods-MHelloListDataTests.release.xcconfig"; path = "Pods/Target Support Files/Pods-MHelloListDataTests/Pods-MHelloListDataTests.release.xcconfig"; sourceTree = "<group>"; };
		9961F2831F46E6AD003D8EFC /* LocalNetworkViewController.h */ = {isa = PBXFileReference; fileEncoding = 4; lastKnownFileType = sourcecode.c.h; path = LocalNetworkViewController.h; sourceTree = "<group>"; };
		9961F2841F46E6AD003D8EFC /* LocalNetworkViewController.m */ = {isa = PBXFileReference; fileEncoding = 4; lastKnownFileType = sourcecode.c.objc; path = LocalNetworkViewController.m; sourceTree = "<group>"; };
		9961F2881F46E6B2003D8EFC /* LNReturnData.h */ = {isa = PBXFileReference; fileEncoding = 4; lastKnownFileType = sourcecode.c.h; path = LNReturnData.h; sourceTree = "<group>"; };
		9961F2891F46E6B2003D8EFC /* LNReturnData.m */ = {isa = PBXFileReference; fileEncoding = 4; lastKnownFileType = sourcecode.c.objc; path = LNReturnData.m; sourceTree = "<group>"; };
		9961F2981F46E6ED003D8EFC /* Repo.h */ = {isa = PBXFileReference; fileEncoding = 4; lastKnownFileType = sourcecode.c.h; path = Repo.h; sourceTree = "<group>"; };
		9961F2991F46E6ED003D8EFC /* Repo.m */ = {isa = PBXFileReference; fileEncoding = 4; lastKnownFileType = sourcecode.c.objc; path = Repo.m; sourceTree = "<group>"; };
		9961F2A21F49773F003D8EFC /* LNRequestManager.h */ = {isa = PBXFileReference; fileEncoding = 4; lastKnownFileType = sourcecode.c.h; path = LNRequestManager.h; sourceTree = "<group>"; };
		9961F2A31F497740003D8EFC /* LNRequestManager.m */ = {isa = PBXFileReference; fileEncoding = 4; lastKnownFileType = sourcecode.c.objc; path = LNRequestManager.m; sourceTree = "<group>"; };
		9961F2A51F497760003D8EFC /* LNRequest.h */ = {isa = PBXFileReference; fileEncoding = 4; lastKnownFileType = sourcecode.c.h; path = LNRequest.h; sourceTree = "<group>"; };
		9961F2A61F497760003D8EFC /* LNRequest.m */ = {isa = PBXFileReference; fileEncoding = 4; lastKnownFileType = sourcecode.c.objc; path = LNRequest.m; sourceTree = "<group>"; };
		9961F2D01F4AB8E5003D8EFC /* OCStarListModel.h */ = {isa = PBXFileReference; fileEncoding = 4; lastKnownFileType = sourcecode.c.h; path = OCStarListModel.h; sourceTree = "<group>"; };
		9961F2D11F4AB8E5003D8EFC /* OCStarListModel.m */ = {isa = PBXFileReference; fileEncoding = 4; lastKnownFileType = sourcecode.c.objc; path = OCStarListModel.m; sourceTree = "<group>"; };
		9961F2D71F4AB927003D8EFC /* LNListModel.h */ = {isa = PBXFileReference; fileEncoding = 4; lastKnownFileType = sourcecode.c.h; path = LNListModel.h; sourceTree = "<group>"; };
		9961F2D81F4AB927003D8EFC /* LNListModel.m */ = {isa = PBXFileReference; fileEncoding = 4; lastKnownFileType = sourcecode.c.objc; path = LNListModel.m; sourceTree = "<group>"; };
		9961F2DA1F4AB93A003D8EFC /* LNDetailModel.h */ = {isa = PBXFileReference; fileEncoding = 4; lastKnownFileType = sourcecode.c.h; path = LNDetailModel.h; sourceTree = "<group>"; };
		9961F2DB1F4AB93A003D8EFC /* LNDetailModel.m */ = {isa = PBXFileReference; fileEncoding = 4; lastKnownFileType = sourcecode.c.objc; path = LNDetailModel.m; sourceTree = "<group>"; };
		9961F2DD1F4AC460003D8EFC /* JSONRequestManager.h */ = {isa = PBXFileReference; fileEncoding = 4; lastKnownFileType = sourcecode.c.h; path = JSONRequestManager.h; sourceTree = "<group>"; };
		9961F2DE1F4AC460003D8EFC /* JSONRequestManager.m */ = {isa = PBXFileReference; fileEncoding = 4; lastKnownFileType = sourcecode.c.objc; path = JSONRequestManager.m; sourceTree = "<group>"; };
		9961F2E01F4AC472003D8EFC /* HTMLRequestManager.h */ = {isa = PBXFileReference; fileEncoding = 4; lastKnownFileType = sourcecode.c.h; path = HTMLRequestManager.h; sourceTree = "<group>"; };
		9961F2E11F4AC472003D8EFC /* HTMLRequestManager.m */ = {isa = PBXFileReference; fileEncoding = 4; lastKnownFileType = sourcecode.c.objc; path = HTMLRequestManager.m; sourceTree = "<group>"; };
		99B066E81F2EE3200023C47E /* MHelloListData.app */ = {isa = PBXFileReference; explicitFileType = wrapper.application; includeInIndex = 0; path = MHelloListData.app; sourceTree = BUILT_PRODUCTS_DIR; };
		99B066EC1F2EE3200023C47E /* main.m */ = {isa = PBXFileReference; lastKnownFileType = sourcecode.c.objc; path = main.m; sourceTree = "<group>"; };
		99B066EE1F2EE3200023C47E /* AppDelegate.h */ = {isa = PBXFileReference; lastKnownFileType = sourcecode.c.h; path = AppDelegate.h; sourceTree = "<group>"; };
		99B066EF1F2EE3200023C47E /* AppDelegate.m */ = {isa = PBXFileReference; lastKnownFileType = sourcecode.c.objc; path = AppDelegate.m; sourceTree = "<group>"; };
		99B066F11F2EE3200023C47E /* ViewController.h */ = {isa = PBXFileReference; lastKnownFileType = sourcecode.c.h; path = ViewController.h; sourceTree = "<group>"; };
		99B066F21F2EE3200023C47E /* ViewController.m */ = {isa = PBXFileReference; lastKnownFileType = sourcecode.c.objc; path = ViewController.m; sourceTree = "<group>"; };
		99B066F51F2EE3200023C47E /* Base */ = {isa = PBXFileReference; lastKnownFileType = file.storyboard; name = Base; path = Base.lproj/Main.storyboard; sourceTree = "<group>"; };
		99B066F71F2EE3200023C47E /* Assets.xcassets */ = {isa = PBXFileReference; lastKnownFileType = folder.assetcatalog; path = Assets.xcassets; sourceTree = "<group>"; };
		99B066FA1F2EE3200023C47E /* Base */ = {isa = PBXFileReference; lastKnownFileType = file.storyboard; name = Base; path = Base.lproj/LaunchScreen.storyboard; sourceTree = "<group>"; };
		99B066FC1F2EE3200023C47E /* Info.plist */ = {isa = PBXFileReference; lastKnownFileType = text.plist.xml; path = Info.plist; sourceTree = "<group>"; };
		99B067011F2EE3200023C47E /* MHelloListDataTests.xctest */ = {isa = PBXFileReference; explicitFileType = wrapper.cfbundle; includeInIndex = 0; path = MHelloListDataTests.xctest; sourceTree = BUILT_PRODUCTS_DIR; };
		99B067051F2EE3200023C47E /* MHelloListDataTests.m */ = {isa = PBXFileReference; lastKnownFileType = sourcecode.c.objc; path = MHelloListDataTests.m; sourceTree = "<group>"; };
		99B067071F2EE3200023C47E /* Info.plist */ = {isa = PBXFileReference; lastKnownFileType = text.plist.xml; path = Info.plist; sourceTree = "<group>"; };
		99B0670C1F2EE3200023C47E /* MHelloListDataUITests.xctest */ = {isa = PBXFileReference; explicitFileType = wrapper.cfbundle; includeInIndex = 0; path = MHelloListDataUITests.xctest; sourceTree = BUILT_PRODUCTS_DIR; };
		99B067101F2EE3200023C47E /* MHelloListDataUITests.m */ = {isa = PBXFileReference; lastKnownFileType = sourcecode.c.objc; path = MHelloListDataUITests.m; sourceTree = "<group>"; };
		99B067121F2EE3200023C47E /* Info.plist */ = {isa = PBXFileReference; lastKnownFileType = text.plist.xml; path = Info.plist; sourceTree = "<group>"; };
		99B0674A1F2F55DC0023C47E /* NetworkViewController.h */ = {isa = PBXFileReference; fileEncoding = 4; lastKnownFileType = sourcecode.c.h; path = NetworkViewController.h; sourceTree = "<group>"; };
		99B0674B1F2F55DC0023C47E /* NetworkViewController.m */ = {isa = PBXFileReference; fileEncoding = 4; lastKnownFileType = sourcecode.c.objc; path = NetworkViewController.m; sourceTree = "<group>"; };
		99B0674C1F2F55DC0023C47E /* NMockRequest.h */ = {isa = PBXFileReference; fileEncoding = 4; lastKnownFileType = sourcecode.c.h; path = NMockRequest.h; sourceTree = "<group>"; };
		99B0674D1F2F55DC0023C47E /* NMockRequest.m */ = {isa = PBXFileReference; fileEncoding = 4; lastKnownFileType = sourcecode.c.objc; path = NMockRequest.m; sourceTree = "<group>"; };
		99B0674E1F2F55DC0023C47E /* NModel.h */ = {isa = PBXFileReference; fileEncoding = 4; lastKnownFileType = sourcecode.c.h; path = NModel.h; sourceTree = "<group>"; };
		99B0674F1F2F55DC0023C47E /* NModel.m */ = {isa = PBXFileReference; fileEncoding = 4; lastKnownFileType = sourcecode.c.objc; path = NModel.m; sourceTree = "<group>"; };
		99B067501F2F55DC0023C47E /* NResponse.h */ = {isa = PBXFileReference; fileEncoding = 4; lastKnownFileType = sourcecode.c.h; path = NResponse.h; sourceTree = "<group>"; };
		99B067511F2F55DC0023C47E /* NResponse.m */ = {isa = PBXFileReference; fileEncoding = 4; lastKnownFileType = sourcecode.c.objc; path = NResponse.m; sourceTree = "<group>"; };
		99B067521F2F55DC0023C47E /* NSomeModel.h */ = {isa = PBXFileReference; fileEncoding = 4; lastKnownFileType = sourcecode.c.h; path = NSomeModel.h; sourceTree = "<group>"; };
		99B067531F2F55DC0023C47E /* NSomeModel.m */ = {isa = PBXFileReference; fileEncoding = 4; lastKnownFileType = sourcecode.c.objc; path = NSomeModel.m; sourceTree = "<group>"; };
		A881DF6762548DBB6035F8BC /* Pods-MHelloListDataTests.debug.xcconfig */ = {isa = PBXFileReference; includeInIndex = 1; lastKnownFileType = text.xcconfig; name = "Pods-MHelloListDataTests.debug.xcconfig"; path = "Pods/Target Support Files/Pods-MHelloListDataTests/Pods-MHelloListDataTests.debug.xcconfig"; sourceTree = "<group>"; };
		B53AE54DED0F759E8673296C /* Pods_MHelloListData.framework */ = {isa = PBXFileReference; explicitFileType = wrapper.framework; includeInIndex = 0; path = Pods_MHelloListData.framework; sourceTree = BUILT_PRODUCTS_DIR; };
/* End PBXFileReference section */

/* Begin PBXFrameworksBuildPhase section */
		99B066E51F2EE3200023C47E /* Frameworks */ = {
			isa = PBXFrameworksBuildPhase;
			buildActionMask = 2147483647;
			files = (
				54FC025AD189B130A2E46810 /* Pods_MHelloListData.framework in Frameworks */,
			);
			runOnlyForDeploymentPostprocessing = 0;
		};
		99B066FE1F2EE3200023C47E /* Frameworks */ = {
			isa = PBXFrameworksBuildPhase;
			buildActionMask = 2147483647;
			files = (
				F84EAB0A9CA6178339C480DF /* Pods_MHelloListDataTests.framework in Frameworks */,
			);
			runOnlyForDeploymentPostprocessing = 0;
		};
		99B067091F2EE3200023C47E /* Frameworks */ = {
			isa = PBXFrameworksBuildPhase;
			buildActionMask = 2147483647;
			files = (
				1A86838DA78B6473015DFA53 /* Pods_MHelloListDataUITests.framework in Frameworks */,
			);
			runOnlyForDeploymentPostprocessing = 0;
		};
/* End PBXFrameworksBuildPhase section */

/* Begin PBXGroup section */
		690E6E5DB63A780B0024F2CD /* Pods */ = {
			isa = PBXGroup;
			children = (
				33F2F29AEBF9088A697909BB /* Pods-MHelloListData.debug.xcconfig */,
				2822611CDAA7956C7EC58E06 /* Pods-MHelloListData.release.xcconfig */,
				A881DF6762548DBB6035F8BC /* Pods-MHelloListDataTests.debug.xcconfig */,
				87BBF8C1F70DA1EAA0995C11 /* Pods-MHelloListDataTests.release.xcconfig */,
				0694C8DF864584D9EA60A1F7 /* Pods-MHelloListDataUITests.debug.xcconfig */,
				29667CD68EC169A854D98263 /* Pods-MHelloListDataUITests.release.xcconfig */,
			);
			name = Pods;
			sourceTree = "<group>";
		};
		9961F2861F46E6B2003D8EFC /* Base */ = {
			isa = PBXGroup;
			children = (
				9961F28F1F46E6B2003D8EFC /* Request */,
				9961F2921F46E6B2003D8EFC /* Storage */,
				9961F2871F46E6B2003D8EFC /* Data */,
			);
			path = Base;
			sourceTree = "<group>";
		};
		9961F2871F46E6B2003D8EFC /* Data */ = {
			isa = PBXGroup;
			children = (
				9961F2881F46E6B2003D8EFC /* LNReturnData.h */,
				9961F2891F46E6B2003D8EFC /* LNReturnData.m */,
			);
			path = Data;
			sourceTree = "<group>";
		};
		9961F28F1F46E6B2003D8EFC /* Request */ = {
			isa = PBXGroup;
			children = (
				9961F2A21F49773F003D8EFC /* LNRequestManager.h */,
				9961F2A31F497740003D8EFC /* LNRequestManager.m */,
				9961F2DD1F4AC460003D8EFC /* JSONRequestManager.h */,
				9961F2DE1F4AC460003D8EFC /* JSONRequestManager.m */,
				9961F2E01F4AC472003D8EFC /* HTMLRequestManager.h */,
				9961F2E11F4AC472003D8EFC /* HTMLRequestManager.m */,
				9961F2A51F497760003D8EFC /* LNRequest.h */,
				9961F2A61F497760003D8EFC /* LNRequest.m */,
			);
			path = Request;
			sourceTree = "<group>";
		};
		9961F2921F46E6B2003D8EFC /* Storage */ = {
			isa = PBXGroup;
			children = (
			);
			path = Storage;
			sourceTree = "<group>";
		};
		9961F2971F46E6ED003D8EFC /* Common */ = {
			isa = PBXGroup;
			children = (
				9961F2981F46E6ED003D8EFC /* Repo.h */,
				9961F2991F46E6ED003D8EFC /* Repo.m */,
			);
			path = Common;
			sourceTree = "<group>";
		};
		9961F2CE1F4AB8E5003D8EFC /* List */ = {
			isa = PBXGroup;
			children = (
				9961F2D71F4AB927003D8EFC /* LNListModel.h */,
				9961F2D81F4AB927003D8EFC /* LNListModel.m */,
				9961F2CF1F4AB8E5003D8EFC /* StarList */,
			);
			path = List;
			sourceTree = "<group>";
		};
		9961F2CF1F4AB8E5003D8EFC /* StarList */ = {
			isa = PBXGroup;
			children = (
				9961F2D01F4AB8E5003D8EFC /* OCStarListModel.h */,
				9961F2D11F4AB8E5003D8EFC /* OCStarListModel.m */,
			);
			path = StarList;
			sourceTree = "<group>";
		};
		9961F2D61F4AB8FA003D8EFC /* Detail */ = {
			isa = PBXGroup;
			children = (
				9961F2DA1F4AB93A003D8EFC /* LNDetailModel.h */,
				9961F2DB1F4AB93A003D8EFC /* LNDetailModel.m */,
			);
			path = Detail;
			sourceTree = "<group>";
		};
		99B066DF1F2EE3200023C47E = {
			isa = PBXGroup;
			children = (
				99B066EA1F2EE3200023C47E /* MHelloListData */,
				99B067041F2EE3200023C47E /* MHelloListDataTests */,
				99B0670F1F2EE3200023C47E /* MHelloListDataUITests */,
				99B066E91F2EE3200023C47E /* Products */,
				690E6E5DB63A780B0024F2CD /* Pods */,
				C63914DDA23FD0BC592326CB /* Frameworks */,
			);
			sourceTree = "<group>";
		};
		99B066E91F2EE3200023C47E /* Products */ = {
			isa = PBXGroup;
			children = (
				99B066E81F2EE3200023C47E /* MHelloListData.app */,
				99B067011F2EE3200023C47E /* MHelloListDataTests.xctest */,
				99B0670C1F2EE3200023C47E /* MHelloListDataUITests.xctest */,
			);
			name = Products;
			sourceTree = "<group>";
		};
		99B066EA1F2EE3200023C47E /* MHelloListData */ = {
			isa = PBXGroup;
			children = (
				99B066EE1F2EE3200023C47E /* AppDelegate.h */,
				99B066EF1F2EE3200023C47E /* AppDelegate.m */,
				99B066F11F2EE3200023C47E /* ViewController.h */,
				99B066F21F2EE3200023C47E /* ViewController.m */,
				99B066F41F2EE3200023C47E /* Main.storyboard */,
				99B067491F2F55DC0023C47E /* Network */,
				99B067481F2F55DC0023C47E /* LocalNetwork */,
				99B066F71F2EE3200023C47E /* Assets.xcassets */,
				99B066F91F2EE3200023C47E /* LaunchScreen.storyboard */,
				99B066FC1F2EE3200023C47E /* Info.plist */,
				99B066EB1F2EE3200023C47E /* Supporting Files */,
			);
			path = MHelloListData;
			sourceTree = "<group>";
		};
		99B066EB1F2EE3200023C47E /* Supporting Files */ = {
			isa = PBXGroup;
			children = (
				99B066EC1F2EE3200023C47E /* main.m */,
			);
			name = "Supporting Files";
			sourceTree = "<group>";
		};
		99B067041F2EE3200023C47E /* MHelloListDataTests */ = {
			isa = PBXGroup;
			children = (
				99B067051F2EE3200023C47E /* MHelloListDataTests.m */,
				99B067071F2EE3200023C47E /* Info.plist */,
			);
			path = MHelloListDataTests;
			sourceTree = "<group>";
		};
		99B0670F1F2EE3200023C47E /* MHelloListDataUITests */ = {
			isa = PBXGroup;
			children = (
				99B067101F2EE3200023C47E /* MHelloListDataUITests.m */,
				99B067121F2EE3200023C47E /* Info.plist */,
			);
			path = MHelloListDataUITests;
			sourceTree = "<group>";
		};
		99B067481F2F55DC0023C47E /* LocalNetwork */ = {
			isa = PBXGroup;
			children = (
				9961F2831F46E6AD003D8EFC /* LocalNetworkViewController.h */,
				9961F2841F46E6AD003D8EFC /* LocalNetworkViewController.m */,
				9961F2861F46E6B2003D8EFC /* Base */,
				9961F2971F46E6ED003D8EFC /* Common */,
				9961F2CE1F4AB8E5003D8EFC /* List */,
				9961F2D61F4AB8FA003D8EFC /* Detail */,
			);
			name = LocalNetwork;
			path = Sources/LocalNetwork;
			sourceTree = "<group>";
		};
		99B067491F2F55DC0023C47E /* Network */ = {
			isa = PBXGroup;
			children = (
				99B0674A1F2F55DC0023C47E /* NetworkViewController.h */,
				99B0674B1F2F55DC0023C47E /* NetworkViewController.m */,
				99B0674E1F2F55DC0023C47E /* NModel.h */,
				99B0674F1F2F55DC0023C47E /* NModel.m */,
				99B067501F2F55DC0023C47E /* NResponse.h */,
				99B067511F2F55DC0023C47E /* NResponse.m */,
				99B0674C1F2F55DC0023C47E /* NMockRequest.h */,
				99B0674D1F2F55DC0023C47E /* NMockRequest.m */,
				99B067521F2F55DC0023C47E /* NSomeModel.h */,
				99B067531F2F55DC0023C47E /* NSomeModel.m */,
			);
			name = Network;
			path = Sources/Network;
			sourceTree = "<group>";
		};
		C63914DDA23FD0BC592326CB /* Frameworks */ = {
			isa = PBXGroup;
			children = (
				B53AE54DED0F759E8673296C /* Pods_MHelloListData.framework */,
				57373F66AF69303B290E70C0 /* Pods_MHelloListDataTests.framework */,
				322CEFBFE8C5F5A3F04B8EAE /* Pods_MHelloListDataUITests.framework */,
			);
			name = Frameworks;
			sourceTree = "<group>";
		};
/* End PBXGroup section */

/* Begin PBXNativeTarget section */
		99B066E71F2EE3200023C47E /* MHelloListData */ = {
			isa = PBXNativeTarget;
			buildConfigurationList = 99B067151F2EE3200023C47E /* Build configuration list for PBXNativeTarget "MHelloListData" */;
			buildPhases = (
				6767CD752EAB613C5C90EBC2 /* [CP] Check Pods Manifest.lock */,
				99B066E41F2EE3200023C47E /* Sources */,
				99B066E51F2EE3200023C47E /* Frameworks */,
				99B066E61F2EE3200023C47E /* Resources */,
				6211A99FB55C1F80FB966849 /* [CP] Embed Pods Frameworks */,
				0DE303E66D7C830996943A1C /* [CP] Copy Pods Resources */,
			);
			buildRules = (
			);
			dependencies = (
			);
			name = MHelloListData;
			productName = MHelloListData;
			productReference = 99B066E81F2EE3200023C47E /* MHelloListData.app */;
			productType = "com.apple.product-type.application";
		};
		99B067001F2EE3200023C47E /* MHelloListDataTests */ = {
			isa = PBXNativeTarget;
			buildConfigurationList = 99B067181F2EE3200023C47E /* Build configuration list for PBXNativeTarget "MHelloListDataTests" */;
			buildPhases = (
				80AD79E7F43CDB3736FE44DD /* [CP] Check Pods Manifest.lock */,
				99B066FD1F2EE3200023C47E /* Sources */,
				99B066FE1F2EE3200023C47E /* Frameworks */,
				99B066FF1F2EE3200023C47E /* Resources */,
				CDBE29907250325CD09372ED /* [CP] Embed Pods Frameworks */,
				2E399B172D3EBF27B7402078 /* [CP] Copy Pods Resources */,
			);
			buildRules = (
			);
			dependencies = (
				99B067031F2EE3200023C47E /* PBXTargetDependency */,
			);
			name = MHelloListDataTests;
			productName = MHelloListDataTests;
			productReference = 99B067011F2EE3200023C47E /* MHelloListDataTests.xctest */;
			productType = "com.apple.product-type.bundle.unit-test";
		};
		99B0670B1F2EE3200023C47E /* MHelloListDataUITests */ = {
			isa = PBXNativeTarget;
			buildConfigurationList = 99B0671B1F2EE3200023C47E /* Build configuration list for PBXNativeTarget "MHelloListDataUITests" */;
			buildPhases = (
				070022719F11EC920CD0DB30 /* [CP] Check Pods Manifest.lock */,
				99B067081F2EE3200023C47E /* Sources */,
				99B067091F2EE3200023C47E /* Frameworks */,
				99B0670A1F2EE3200023C47E /* Resources */,
				404DD0BE534AD8E60423F5EE /* [CP] Embed Pods Frameworks */,
				33AD874DB8E6512FF01AEE56 /* [CP] Copy Pods Resources */,
			);
			buildRules = (
			);
			dependencies = (
				99B0670E1F2EE3200023C47E /* PBXTargetDependency */,
			);
			name = MHelloListDataUITests;
			productName = MHelloListDataUITests;
			productReference = 99B0670C1F2EE3200023C47E /* MHelloListDataUITests.xctest */;
			productType = "com.apple.product-type.bundle.ui-testing";
		};
/* End PBXNativeTarget section */

/* Begin PBXProject section */
		99B066E01F2EE3200023C47E /* Project object */ = {
			isa = PBXProject;
			attributes = {
				LastUpgradeCheck = 0830;
				ORGANIZATIONNAME = hellochenms;
				TargetAttributes = {
					99B066E71F2EE3200023C47E = {
						CreatedOnToolsVersion = 8.3.2;
						DevelopmentTeam = LD9JLNUXTG;
						ProvisioningStyle = Automatic;
					};
					99B067001F2EE3200023C47E = {
						CreatedOnToolsVersion = 8.3.2;
						DevelopmentTeam = LD9JLNUXTG;
						ProvisioningStyle = Automatic;
						TestTargetID = 99B066E71F2EE3200023C47E;
					};
					99B0670B1F2EE3200023C47E = {
						CreatedOnToolsVersion = 8.3.2;
						DevelopmentTeam = LD9JLNUXTG;
						ProvisioningStyle = Automatic;
						TestTargetID = 99B066E71F2EE3200023C47E;
					};
				};
			};
			buildConfigurationList = 99B066E31F2EE3200023C47E /* Build configuration list for PBXProject "MHelloListData" */;
			compatibilityVersion = "Xcode 3.2";
			developmentRegion = English;
			hasScannedForEncodings = 0;
			knownRegions = (
				en,
				Base,
			);
			mainGroup = 99B066DF1F2EE3200023C47E;
			productRefGroup = 99B066E91F2EE3200023C47E /* Products */;
			projectDirPath = "";
			projectRoot = "";
			targets = (
				99B066E71F2EE3200023C47E /* MHelloListData */,
				99B067001F2EE3200023C47E /* MHelloListDataTests */,
				99B0670B1F2EE3200023C47E /* MHelloListDataUITests */,
			);
		};
/* End PBXProject section */

/* Begin PBXResourcesBuildPhase section */
		99B066E61F2EE3200023C47E /* Resources */ = {
			isa = PBXResourcesBuildPhase;
			buildActionMask = 2147483647;
			files = (
				99B066FB1F2EE3200023C47E /* LaunchScreen.storyboard in Resources */,
				99B066F81F2EE3200023C47E /* Assets.xcassets in Resources */,
				99B066F61F2EE3200023C47E /* Main.storyboard in Resources */,
			);
			runOnlyForDeploymentPostprocessing = 0;
		};
		99B066FF1F2EE3200023C47E /* Resources */ = {
			isa = PBXResourcesBuildPhase;
			buildActionMask = 2147483647;
			files = (
			);
			runOnlyForDeploymentPostprocessing = 0;
		};
		99B0670A1F2EE3200023C47E /* Resources */ = {
			isa = PBXResourcesBuildPhase;
			buildActionMask = 2147483647;
			files = (
			);
			runOnlyForDeploymentPostprocessing = 0;
		};
/* End PBXResourcesBuildPhase section */

/* Begin PBXShellScriptBuildPhase section */
		070022719F11EC920CD0DB30 /* [CP] Check Pods Manifest.lock */ = {
			isa = PBXShellScriptBuildPhase;
			buildActionMask = 2147483647;
			files = (
			);
			inputPaths = (
			);
			name = "[CP] Check Pods Manifest.lock";
			outputPaths = (
			);
			runOnlyForDeploymentPostprocessing = 0;
			shellPath = /bin/sh;
			shellScript = "diff \"${PODS_PODFILE_DIR_PATH}/Podfile.lock\" \"${PODS_ROOT}/Manifest.lock\" > /dev/null\nif [ $? != 0 ] ; then\n    # print error to STDERR\n    echo \"error: The sandbox is not in sync with the Podfile.lock. Run 'pod install' or update your CocoaPods installation.\" >&2\n    exit 1\nfi\n";
			showEnvVarsInLog = 0;
		};
		0DE303E66D7C830996943A1C /* [CP] Copy Pods Resources */ = {
			isa = PBXShellScriptBuildPhase;
			buildActionMask = 2147483647;
			files = (
			);
			inputPaths = (
			);
			name = "[CP] Copy Pods Resources";
			outputPaths = (
			);
			runOnlyForDeploymentPostprocessing = 0;
			shellPath = /bin/sh;
			shellScript = "\"${SRCROOT}/Pods/Target Support Files/Pods-MHelloListData/Pods-MHelloListData-resources.sh\"\n";
			showEnvVarsInLog = 0;
		};
		2E399B172D3EBF27B7402078 /* [CP] Copy Pods Resources */ = {
			isa = PBXShellScriptBuildPhase;
			buildActionMask = 2147483647;
			files = (
			);
			inputPaths = (
			);
			name = "[CP] Copy Pods Resources";
			outputPaths = (
			);
			runOnlyForDeploymentPostprocessing = 0;
			shellPath = /bin/sh;
			shellScript = "\"${SRCROOT}/Pods/Target Support Files/Pods-MHelloListDataTests/Pods-MHelloListDataTests-resources.sh\"\n";
			showEnvVarsInLog = 0;
		};
		33AD874DB8E6512FF01AEE56 /* [CP] Copy Pods Resources */ = {
			isa = PBXShellScriptBuildPhase;
			buildActionMask = 2147483647;
			files = (
			);
			inputPaths = (
			);
			name = "[CP] Copy Pods Resources";
			outputPaths = (
			);
			runOnlyForDeploymentPostprocessing = 0;
			shellPath = /bin/sh;
			shellScript = "\"${SRCROOT}/Pods/Target Support Files/Pods-MHelloListDataUITests/Pods-MHelloListDataUITests-resources.sh\"\n";
			showEnvVarsInLog = 0;
		};
		404DD0BE534AD8E60423F5EE /* [CP] Embed Pods Frameworks */ = {
			isa = PBXShellScriptBuildPhase;
			buildActionMask = 2147483647;
			files = (
			);
			inputPaths = (
			);
			name = "[CP] Embed Pods Frameworks";
			outputPaths = (
			);
			runOnlyForDeploymentPostprocessing = 0;
			shellPath = /bin/sh;
			shellScript = "\"${SRCROOT}/Pods/Target Support Files/Pods-MHelloListDataUITests/Pods-MHelloListDataUITests-frameworks.sh\"\n";
			showEnvVarsInLog = 0;
		};
		6211A99FB55C1F80FB966849 /* [CP] Embed Pods Frameworks */ = {
			isa = PBXShellScriptBuildPhase;
			buildActionMask = 2147483647;
			files = (
			);
			inputPaths = (
			);
			name = "[CP] Embed Pods Frameworks";
			outputPaths = (
			);
			runOnlyForDeploymentPostprocessing = 0;
			shellPath = /bin/sh;
			shellScript = "\"${SRCROOT}/Pods/Target Support Files/Pods-MHelloListData/Pods-MHelloListData-frameworks.sh\"\n";
			showEnvVarsInLog = 0;
		};
		6767CD752EAB613C5C90EBC2 /* [CP] Check Pods Manifest.lock */ = {
			isa = PBXShellScriptBuildPhase;
			buildActionMask = 2147483647;
			files = (
			);
			inputPaths = (
			);
			name = "[CP] Check Pods Manifest.lock";
			outputPaths = (
			);
			runOnlyForDeploymentPostprocessing = 0;
			shellPath = /bin/sh;
			shellScript = "diff \"${PODS_PODFILE_DIR_PATH}/Podfile.lock\" \"${PODS_ROOT}/Manifest.lock\" > /dev/null\nif [ $? != 0 ] ; then\n    # print error to STDERR\n    echo \"error: The sandbox is not in sync with the Podfile.lock. Run 'pod install' or update your CocoaPods installation.\" >&2\n    exit 1\nfi\n";
			showEnvVarsInLog = 0;
		};
		80AD79E7F43CDB3736FE44DD /* [CP] Check Pods Manifest.lock */ = {
			isa = PBXShellScriptBuildPhase;
			buildActionMask = 2147483647;
			files = (
			);
			inputPaths = (
			);
			name = "[CP] Check Pods Manifest.lock";
			outputPaths = (
			);
			runOnlyForDeploymentPostprocessing = 0;
			shellPath = /bin/sh;
			shellScript = "diff \"${PODS_PODFILE_DIR_PATH}/Podfile.lock\" \"${PODS_ROOT}/Manifest.lock\" > /dev/null\nif [ $? != 0 ] ; then\n    # print error to STDERR\n    echo \"error: The sandbox is not in sync with the Podfile.lock. Run 'pod install' or update your CocoaPods installation.\" >&2\n    exit 1\nfi\n";
			showEnvVarsInLog = 0;
		};
		CDBE29907250325CD09372ED /* [CP] Embed Pods Frameworks */ = {
			isa = PBXShellScriptBuildPhase;
			buildActionMask = 2147483647;
			files = (
			);
			inputPaths = (
			);
			name = "[CP] Embed Pods Frameworks";
			outputPaths = (
			);
			runOnlyForDeploymentPostprocessing = 0;
			shellPath = /bin/sh;
			shellScript = "\"${SRCROOT}/Pods/Target Support Files/Pods-MHelloListDataTests/Pods-MHelloListDataTests-frameworks.sh\"\n";
			showEnvVarsInLog = 0;
		};
/* End PBXShellScriptBuildPhase section */

/* Begin PBXSourcesBuildPhase section */
		99B066E41F2EE3200023C47E /* Sources */ = {
			isa = PBXSourcesBuildPhase;
			buildActionMask = 2147483647;
			files = (
				9961F2DF1F4AC460003D8EFC /* JSONRequestManager.m in Sources */,
				9961F29B1F46E6ED003D8EFC /* Repo.m in Sources */,
				99B066F31F2EE3200023C47E /* ViewController.m in Sources */,
				99B066F01F2EE3200023C47E /* AppDelegate.m in Sources */,
				9961F2E21F4AC472003D8EFC /* HTMLRequestManager.m in Sources */,
				9961F2D41F4AB8E5003D8EFC /* OCStarListModel.m in Sources */,
				99B067581F2F55DC0023C47E /* NSomeModel.m in Sources */,
				9961F2851F46E6AD003D8EFC /* LocalNetworkViewController.m in Sources */,
				99B066ED1F2EE3200023C47E /* main.m in Sources */,
				9961F2DC1F4AB93A003D8EFC /* LNDetailModel.m in Sources */,
				99B067551F2F55DC0023C47E /* NMockRequest.m in Sources */,
				9961F2A71F497760003D8EFC /* LNRequest.m in Sources */,
				99B067561F2F55DC0023C47E /* NModel.m in Sources */,
				9961F2A41F497740003D8EFC /* LNRequestManager.m in Sources */,
				9961F2931F46E6B2003D8EFC /* LNReturnData.m in Sources */,
				99B067541F2F55DC0023C47E /* NetworkViewController.m in Sources */,
				99B067571F2F55DC0023C47E /* NResponse.m in Sources */,
				9961F2D91F4AB927003D8EFC /* LNListModel.m in Sources */,
			);
			runOnlyForDeploymentPostprocessing = 0;
		};
		99B066FD1F2EE3200023C47E /* Sources */ = {
			isa = PBXSourcesBuildPhase;
			buildActionMask = 2147483647;
			files = (
				99B067061F2EE3200023C47E /* MHelloListDataTests.m in Sources */,
			);
			runOnlyForDeploymentPostprocessing = 0;
		};
		99B067081F2EE3200023C47E /* Sources */ = {
			isa = PBXSourcesBuildPhase;
			buildActionMask = 2147483647;
			files = (
				99B067111F2EE3200023C47E /* MHelloListDataUITests.m in Sources */,
			);
			runOnlyForDeploymentPostprocessing = 0;
		};
/* End PBXSourcesBuildPhase section */

/* Begin PBXTargetDependency section */
		99B067031F2EE3200023C47E /* PBXTargetDependency */ = {
			isa = PBXTargetDependency;
			target = 99B066E71F2EE3200023C47E /* MHelloListData */;
			targetProxy = 99B067021F2EE3200023C47E /* PBXContainerItemProxy */;
		};
		99B0670E1F2EE3200023C47E /* PBXTargetDependency */ = {
			isa = PBXTargetDependency;
			target = 99B066E71F2EE3200023C47E /* MHelloListData */;
			targetProxy = 99B0670D1F2EE3200023C47E /* PBXContainerItemProxy */;
		};
/* End PBXTargetDependency section */

/* Begin PBXVariantGroup section */
		99B066F41F2EE3200023C47E /* Main.storyboard */ = {
			isa = PBXVariantGroup;
			children = (
				99B066F51F2EE3200023C47E /* Base */,
			);
			name = Main.storyboard;
			sourceTree = "<group>";
		};
		99B066F91F2EE3200023C47E /* LaunchScreen.storyboard */ = {
			isa = PBXVariantGroup;
			children = (
				99B066FA1F2EE3200023C47E /* Base */,
			);
			name = LaunchScreen.storyboard;
			sourceTree = "<group>";
		};
/* End PBXVariantGroup section */

/* Begin XCBuildConfiguration section */
		99B067131F2EE3200023C47E /* Debug */ = {
			isa = XCBuildConfiguration;
			buildSettings = {
				ALWAYS_SEARCH_USER_PATHS = NO;
				CLANG_ANALYZER_NONNULL = YES;
				CLANG_ANALYZER_NUMBER_OBJECT_CONVERSION = YES_AGGRESSIVE;
				CLANG_CXX_LANGUAGE_STANDARD = "gnu++0x";
				CLANG_CXX_LIBRARY = "libc++";
				CLANG_ENABLE_MODULES = YES;
				CLANG_ENABLE_OBJC_ARC = YES;
				CLANG_WARN_BOOL_CONVERSION = YES;
				CLANG_WARN_CONSTANT_CONVERSION = YES;
				CLANG_WARN_DIRECT_OBJC_ISA_USAGE = YES_ERROR;
				CLANG_WARN_DOCUMENTATION_COMMENTS = YES;
				CLANG_WARN_EMPTY_BODY = YES;
				CLANG_WARN_ENUM_CONVERSION = YES;
				CLANG_WARN_INFINITE_RECURSION = YES;
				CLANG_WARN_INT_CONVERSION = YES;
				CLANG_WARN_OBJC_ROOT_CLASS = YES_ERROR;
				CLANG_WARN_SUSPICIOUS_MOVE = YES;
				CLANG_WARN_UNREACHABLE_CODE = YES;
				CLANG_WARN__DUPLICATE_METHOD_MATCH = YES;
				"CODE_SIGN_IDENTITY[sdk=iphoneos*]" = "iPhone Developer";
				COPY_PHASE_STRIP = NO;
				DEBUG_INFORMATION_FORMAT = dwarf;
				ENABLE_STRICT_OBJC_MSGSEND = YES;
				ENABLE_TESTABILITY = YES;
				GCC_C_LANGUAGE_STANDARD = gnu99;
				GCC_DYNAMIC_NO_PIC = NO;
				GCC_NO_COMMON_BLOCKS = YES;
				GCC_OPTIMIZATION_LEVEL = 0;
				GCC_PREPROCESSOR_DEFINITIONS = (
					"DEBUG=1",
					"$(inherited)",
				);
				GCC_WARN_64_TO_32_BIT_CONVERSION = YES;
				GCC_WARN_ABOUT_RETURN_TYPE = YES_ERROR;
				GCC_WARN_UNDECLARED_SELECTOR = YES;
				GCC_WARN_UNINITIALIZED_AUTOS = YES_AGGRESSIVE;
				GCC_WARN_UNUSED_FUNCTION = YES;
				GCC_WARN_UNUSED_VARIABLE = YES;
				IPHONEOS_DEPLOYMENT_TARGET = 8.0;
				MTL_ENABLE_DEBUG_INFO = YES;
				ONLY_ACTIVE_ARCH = YES;
				SDKROOT = iphoneos;
				TARGETED_DEVICE_FAMILY = "1,2";
			};
			name = Debug;
		};
		99B067141F2EE3200023C47E /* Release */ = {
			isa = XCBuildConfiguration;
			buildSettings = {
				ALWAYS_SEARCH_USER_PATHS = NO;
				CLANG_ANALYZER_NONNULL = YES;
				CLANG_ANALYZER_NUMBER_OBJECT_CONVERSION = YES_AGGRESSIVE;
				CLANG_CXX_LANGUAGE_STANDARD = "gnu++0x";
				CLANG_CXX_LIBRARY = "libc++";
				CLANG_ENABLE_MODULES = YES;
				CLANG_ENABLE_OBJC_ARC = YES;
				CLANG_WARN_BOOL_CONVERSION = YES;
				CLANG_WARN_CONSTANT_CONVERSION = YES;
				CLANG_WARN_DIRECT_OBJC_ISA_USAGE = YES_ERROR;
				CLANG_WARN_DOCUMENTATION_COMMENTS = YES;
				CLANG_WARN_EMPTY_BODY = YES;
				CLANG_WARN_ENUM_CONVERSION = YES;
				CLANG_WARN_INFINITE_RECURSION = YES;
				CLANG_WARN_INT_CONVERSION = YES;
				CLANG_WARN_OBJC_ROOT_CLASS = YES_ERROR;
				CLANG_WARN_SUSPICIOUS_MOVE = YES;
				CLANG_WARN_UNREACHABLE_CODE = YES;
				CLANG_WARN__DUPLICATE_METHOD_MATCH = YES;
				"CODE_SIGN_IDENTITY[sdk=iphoneos*]" = "iPhone Developer";
				COPY_PHASE_STRIP = NO;
				DEBUG_INFORMATION_FORMAT = "dwarf-with-dsym";
				ENABLE_NS_ASSERTIONS = NO;
				ENABLE_STRICT_OBJC_MSGSEND = YES;
				GCC_C_LANGUAGE_STANDARD = gnu99;
				GCC_NO_COMMON_BLOCKS = YES;
				GCC_WARN_64_TO_32_BIT_CONVERSION = YES;
				GCC_WARN_ABOUT_RETURN_TYPE = YES_ERROR;
				GCC_WARN_UNDECLARED_SELECTOR = YES;
				GCC_WARN_UNINITIALIZED_AUTOS = YES_AGGRESSIVE;
				GCC_WARN_UNUSED_FUNCTION = YES;
				GCC_WARN_UNUSED_VARIABLE = YES;
				IPHONEOS_DEPLOYMENT_TARGET = 8.0;
				MTL_ENABLE_DEBUG_INFO = NO;
				SDKROOT = iphoneos;
				TARGETED_DEVICE_FAMILY = "1,2";
				VALIDATE_PRODUCT = YES;
			};
			name = Release;
		};
		99B067161F2EE3200023C47E /* Debug */ = {
			isa = XCBuildConfiguration;
			baseConfigurationReference = 33F2F29AEBF9088A697909BB /* Pods-MHelloListData.debug.xcconfig */;
			buildSettings = {
				ASSETCATALOG_COMPILER_APPICON_NAME = AppIcon;
				DEVELOPMENT_TEAM = LD9JLNUXTG;
				INFOPLIST_FILE = MHelloListData/Info.plist;
				LD_RUNPATH_SEARCH_PATHS = "$(inherited) @executable_path/Frameworks";
				PRODUCT_BUNDLE_IDENTIFIER = com.m2.chenms.MHelloListData;
				PRODUCT_NAME = "$(TARGET_NAME)";
			};
			name = Debug;
		};
		99B067171F2EE3200023C47E /* Release */ = {
			isa = XCBuildConfiguration;
			baseConfigurationReference = 2822611CDAA7956C7EC58E06 /* Pods-MHelloListData.release.xcconfig */;
			buildSettings = {
				ASSETCATALOG_COMPILER_APPICON_NAME = AppIcon;
				DEVELOPMENT_TEAM = LD9JLNUXTG;
				INFOPLIST_FILE = MHelloListData/Info.plist;
				LD_RUNPATH_SEARCH_PATHS = "$(inherited) @executable_path/Frameworks";
				PRODUCT_BUNDLE_IDENTIFIER = com.m2.chenms.MHelloListData;
				PRODUCT_NAME = "$(TARGET_NAME)";
			};
			name = Release;
		};
		99B067191F2EE3200023C47E /* Debug */ = {
			isa = XCBuildConfiguration;
			baseConfigurationReference = A881DF6762548DBB6035F8BC /* Pods-MHelloListDataTests.debug.xcconfig */;
			buildSettings = {
				BUNDLE_LOADER = "$(TEST_HOST)";
				DEVELOPMENT_TEAM = LD9JLNUXTG;
				INFOPLIST_FILE = MHelloListDataTests/Info.plist;
				LD_RUNPATH_SEARCH_PATHS = "$(inherited) @executable_path/Frameworks @loader_path/Frameworks";
				PRODUCT_BUNDLE_IDENTIFIER = com.m2.chenms.MHelloListDataTests;
				PRODUCT_NAME = "$(TARGET_NAME)";
				TEST_HOST = "$(BUILT_PRODUCTS_DIR)/MHelloListData.app/MHelloListData";
			};
			name = Debug;
		};
		99B0671A1F2EE3200023C47E /* Release */ = {
			isa = XCBuildConfiguration;
			baseConfigurationReference = 87BBF8C1F70DA1EAA0995C11 /* Pods-MHelloListDataTests.release.xcconfig */;
			buildSettings = {
				BUNDLE_LOADER = "$(TEST_HOST)";
				DEVELOPMENT_TEAM = LD9JLNUXTG;
				INFOPLIST_FILE = MHelloListDataTests/Info.plist;
				LD_RUNPATH_SEARCH_PATHS = "$(inherited) @executable_path/Frameworks @loader_path/Frameworks";
				PRODUCT_BUNDLE_IDENTIFIER = com.m2.chenms.MHelloListDataTests;
				PRODUCT_NAME = "$(TARGET_NAME)";
				TEST_HOST = "$(BUILT_PRODUCTS_DIR)/MHelloListData.app/MHelloListData";
			};
			name = Release;
		};
		99B0671C1F2EE3200023C47E /* Debug */ = {
			isa = XCBuildConfiguration;
			baseConfigurationReference = 0694C8DF864584D9EA60A1F7 /* Pods-MHelloListDataUITests.debug.xcconfig */;
			buildSettings = {
				DEVELOPMENT_TEAM = LD9JLNUXTG;
				INFOPLIST_FILE = MHelloListDataUITests/Info.plist;
				LD_RUNPATH_SEARCH_PATHS = "$(inherited) @executable_path/Frameworks @loader_path/Frameworks";
				PRODUCT_BUNDLE_IDENTIFIER = com.m2.chenms.MHelloListDataUITests;
				PRODUCT_NAME = "$(TARGET_NAME)";
				TEST_TARGET_NAME = MHelloListData;
			};
			name = Debug;
		};
		99B0671D1F2EE3200023C47E /* Release */ = {
			isa = XCBuildConfiguration;
			baseConfigurationReference = 29667CD68EC169A854D98263 /* Pods-MHelloListDataUITests.release.xcconfig */;
			buildSettings = {
				DEVELOPMENT_TEAM = LD9JLNUXTG;
				INFOPLIST_FILE = MHelloListDataUITests/Info.plist;
				LD_RUNPATH_SEARCH_PATHS = "$(inherited) @executable_path/Frameworks @loader_path/Frameworks";
				PRODUCT_BUNDLE_IDENTIFIER = com.m2.chenms.MHelloListDataUITests;
				PRODUCT_NAME = "$(TARGET_NAME)";
				TEST_TARGET_NAME = MHelloListData;
			};
			name = Release;
		};
/* End XCBuildConfiguration section */

/* Begin XCConfigurationList section */
		99B066E31F2EE3200023C47E /* Build configuration list for PBXProject "MHelloListData" */ = {
			isa = XCConfigurationList;
			buildConfigurations = (
				99B067131F2EE3200023C47E /* Debug */,
				99B067141F2EE3200023C47E /* Release */,
			);
			defaultConfigurationIsVisible = 0;
			defaultConfigurationName = Release;
		};
		99B067151F2EE3200023C47E /* Build configuration list for PBXNativeTarget "MHelloListData" */ = {
			isa = XCConfigurationList;
			buildConfigurations = (
				99B067161F2EE3200023C47E /* Debug */,
				99B067171F2EE3200023C47E /* Release */,
			);
			defaultConfigurationIsVisible = 0;
			defaultConfigurationName = Release;
		};
		99B067181F2EE3200023C47E /* Build configuration list for PBXNativeTarget "MHelloListDataTests" */ = {
			isa = XCConfigurationList;
			buildConfigurations = (
				99B067191F2EE3200023C47E /* Debug */,
				99B0671A1F2EE3200023C47E /* Release */,
			);
			defaultConfigurationIsVisible = 0;
			defaultConfigurationName = Release;
		};
		99B0671B1F2EE3200023C47E /* Build configuration list for PBXNativeTarget "MHelloListDataUITests" */ = {
			isa = XCConfigurationList;
			buildConfigurations = (
				99B0671C1F2EE3200023C47E /* Debug */,
				99B0671D1F2EE3200023C47E /* Release */,
			);
			defaultConfigurationIsVisible = 0;
			defaultConfigurationName = Release;
		};
/* End XCConfigurationList section */
	};
	rootObject = 99B066E01F2EE3200023C47E /* Project object */;
}
